
Microsoft Visual Studio Solution File, Format Version 12.00
# Visual Studio Version 17
VisualStudioVersion = 17.2.32630.192
MinimumVisualStudioVersion = 10.0.40219.1
Project("{FAE04EC0-301F-11D3-BF4B-00C04F79EFBC}") = "WebApplication4", "WebApplication4\WebApplication4.csproj", "{1A8F6881-D181-4080-A227-E7F05F2666C6}"
EndProject
Global
	GlobalSection(SolutionConfigurationPlatforms) = preSolution
		Debug|Any CPU = Debug|Any CPU
		Release|Any CPU = Release|Any CPU
	EndGlobalSection
	GlobalSection(ProjectConfigurationPlatforms) = postSolution
		{1A8F6881-D181-4080-A227-E7F05F2666C6}.Debug|Any CPU.ActiveCfg = Debug|Any CPU
		{1A8F6881-D181-4080-A227-E7F05F2666C6}.Debug|Any CPU.Build.0 = Debug|Any CPU
		{1A8F6881-D181-4080-A227-E7F05F2666C6}.Release|Any CPU.ActiveCfg = Release|Any CPU
		{1A8F6881-D181-4080-A227-E7F05F2666C6}.Release|Any CPU.Build.0 = Release|Any CPU
	EndGlobalSection
	GlobalSection(SolutionProperties) = preSolution
		HideSolutionNode = FALSE
	EndGlobalSection
	GlobalSection(ExtensibilityGlobals) = postSolution
		SolutionGuid = {0A2F584A-6CF1-4A51-AC4C-252E9EF51CE1}
	EndGlobalSection
EndGlobal
